
Microsoft Visual Studio Solution File, Format Version 12.00
# Visual Studio Version 17
VisualStudioVersion = 17.14.36203.30 d17.14
MinimumVisualStudioVersion = 10.0.40219.1
Project("{FAE04EC0-301F-11D3-BF4B-00C04F79EFBC}") = "ECommerceApp", "ECommerceApp.csproj", "{2E0E4B91-F526-49FE-8936-38B4BB51A889}"
EndProject
Global
	GlobalSection(SolutionConfigurationPlatforms) = preSolution
		Debug|Any CPU = Debug|Any CPU
		Release|Any CPU = Release|Any CPU
	EndGlobalSection
	GlobalSection(ProjectConfigurationPlatforms) = postSolution
		{2E0E4B91-F526-49FE-8936-38B4BB51A889}.Debug|Any CPU.ActiveCfg = Debug|Any CPU
		{2E0E4B91-F526-49FE-8936-38B4BB51A889}.Debug|Any CPU.Build.0 = Debug|Any CPU
		{2E0E4B91-F526-49FE-8936-38B4BB51A889}.Release|Any CPU.ActiveCfg = Release|Any CPU
		{2E0E4B91-F526-49FE-8936-38B4BB51A889}.Release|Any CPU.Build.0 = Release|Any CPU
	EndGlobalSection
	GlobalSection(SolutionProperties) = preSolution
		HideSolutionNode = FALSE
	EndGlobalSection
	GlobalSection(ExtensibilityGlobals) = postSolution
		SolutionGuid = {0F4A75F5-915A-4F11-924D-DEDCAA1A6913}
	EndGlobalSection
EndGlobal
